
Microsoft Visual Studio Solution File, Format Version 12.00
# Visual Studio Version 17
VisualStudioVersion = 17.11.35222.181
MinimumVisualStudioVersion = 10.0.40219.1
Project("{8BC9CEB8-8B4A-11D0-8D11-00A0C91BC942}") = "Transport", "Transport\Transport.vcxproj", "{314CBFCA-76EF-4F9B-A529-01A4F96EC570}"
EndProject
Global
	GlobalSection(SolutionConfigurationPlatforms) = preSolution
		Debug|x64 = Debug|x64
		Debug|x86 = Debug|x86
		Release|x64 = Release|x64
		Release|x86 = Release|x86
	EndGlobalSection
	GlobalSection(ProjectConfigurationPlatforms) = postSolution
		{314CBFCA-76EF-4F9B-A529-01A4F96EC570}.Debug|x64.ActiveCfg = Debug|x64
		{314CBFCA-76EF-4F9B-A529-01A4F96EC570}.Debug|x64.Build.0 = Debug|x64
		{314CBFCA-76EF-4F9B-A529-01A4F96EC570}.Debug|x86.ActiveCfg = Debug|Win32
		{314CBFCA-76EF-4F9B-A529-01A4F96EC570}.Debug|x86.Build.0 = Debug|Win32
		{314CBFCA-76EF-4F9B-A529-01A4F96EC570}.Release|x64.ActiveCfg = Release|x64
		{314CBFCA-76EF-4F9B-A529-01A4F96EC570}.Release|x64.Build.0 = Release|x64
		{314CBFCA-76EF-4F9B-A529-01A4F96EC570}.Release|x86.ActiveCfg = Release|Win32
		{314CBFCA-76EF-4F9B-A529-01A4F96EC570}.Release|x86.Build.0 = Release|Win32
	EndGlobalSection
	GlobalSection(SolutionProperties) = preSolution
		HideSolutionNode = FALSE
	EndGlobalSection
	GlobalSection(ExtensibilityGlobals) = postSolution
		SolutionGuid = {0995471A-7B6A-4F4D-8C94-83C057EE6A8F}
	EndGlobalSection
EndGlobal
